// !$*UTF8*$!
{
	archiveVersion = 1;
	classes = {
	};
	objectVersion = 46;
	objects = {

/* Begin PBXBuildFile section */
		962B96EACE1EA7367A1130AE /* libPods-SimpleDribbble.a in Frameworks */ = {isa = PBXBuildFile; fileRef = C669180ED3439B4412C966E9 /* libPods-SimpleDribbble.a */; };
		AF105E381B9B5DBA00D00AE1 /* main.m in Sources */ = {isa = PBXBuildFile; fileRef = AF105E371B9B5DBA00D00AE1 /* main.m */; };
		AF105E3B1B9B5DBA00D00AE1 /* AppDelegate.m in Sources */ = {isa = PBXBuildFile; fileRef = AF105E3A1B9B5DBA00D00AE1 /* AppDelegate.m */; };
		AF105E411B9B5DBA00D00AE1 /* Main.storyboard in Resources */ = {isa = PBXBuildFile; fileRef = AF105E3F1B9B5DBA00D00AE1 /* Main.storyboard */; };
		AF105E431B9B5DBA00D00AE1 /* Assets.xcassets in Resources */ = {isa = PBXBuildFile; fileRef = AF105E421B9B5DBA00D00AE1 /* Assets.xcassets */; };
		AF105E8C1B9B614400D00AE1 /* Constants.m in Sources */ = {isa = PBXBuildFile; fileRef = AF105E6D1B9B614400D00AE1 /* Constants.m */; };
		AF105E8D1B9B614400D00AE1 /* NoMoreUpdatesView.m in Sources */ = {isa = PBXBuildFile; fileRef = AF105E6F1B9B614400D00AE1 /* NoMoreUpdatesView.m */; };
		AF105E8E1B9B614400D00AE1 /* NoMoreUpdatesView.xib in Resources */ = {isa = PBXBuildFile; fileRef = AF105E701B9B614400D00AE1 /* NoMoreUpdatesView.xib */; };
		AF105E8F1B9B614400D00AE1 /* Page.m in Sources */ = {isa = PBXBuildFile; fileRef = AF105E721B9B614400D00AE1 /* Page.m */; };
		AF105E901B9B614400D00AE1 /* Player.m in Sources */ = {isa = PBXBuildFile; fileRef = AF105E741B9B614400D00AE1 /* Player.m */; };
		AF105E911B9B614400D00AE1 /* PullToRefreshView.m in Sources */ = {isa = PBXBuildFile; fileRef = AF105E761B9B614400D00AE1 /* PullToRefreshView.m */; };
		AF105E921B9B614400D00AE1 /* PullToRefreshView.xib in Resources */ = {isa = PBXBuildFile; fileRef = AF105E771B9B614400D00AE1 /* PullToRefreshView.xib */; };
		AF105E931B9B614400D00AE1 /* ReleaseToRefreshView.m in Sources */ = {isa = PBXBuildFile; fileRef = AF105E791B9B614400D00AE1 /* ReleaseToRefreshView.m */; };
		AF105E941B9B614400D00AE1 /* ReleaseToRefreshView.xib in Resources */ = {isa = PBXBuildFile; fileRef = AF105E7A1B9B614400D00AE1 /* ReleaseToRefreshView.xib */; };
		AF105E951B9B614400D00AE1 /* Shot.m in Sources */ = {isa = PBXBuildFile; fileRef = AF105E7C1B9B614400D00AE1 /* Shot.m */; };
		AF105E961B9B614400D00AE1 /* ShotDescriptionTableViewCell.m in Sources */ = {isa = PBXBuildFile; fileRef = AF105E7E1B9B614400D00AE1 /* ShotDescriptionTableViewCell.m */; };
		AF105E971B9B614400D00AE1 /* ShotDescriptionTableViewCell.xib in Resources */ = {isa = PBXBuildFile; fileRef = AF105E7F1B9B614400D00AE1 /* ShotDescriptionTableViewCell.xib */; };
		AF105E981B9B614400D00AE1 /* ShotDetailsTableViewController.m in Sources */ = {isa = PBXBuildFile; fileRef = AF105E811B9B614400D00AE1 /* ShotDetailsTableViewController.m */; };
		AF105E991B9B614400D00AE1 /* ShotPlayerTableViewCell.m in Sources */ = {isa = PBXBuildFile; fileRef = AF105E831B9B614400D00AE1 /* ShotPlayerTableViewCell.m */; };
		AF105E9A1B9B614400D00AE1 /* ShotPlayerTableViewCell.xib in Resources */ = {isa = PBXBuildFile; fileRef = AF105E841B9B614400D00AE1 /* ShotPlayerTableViewCell.xib */; };
		AF105E9B1B9B614400D00AE1 /* ShotsTableViewController.m in Sources */ = {isa = PBXBuildFile; fileRef = AF105E861B9B614400D00AE1 /* ShotsTableViewController.m */; };
		AF105E9C1B9B614400D00AE1 /* ShotsUpdater.m in Sources */ = {isa = PBXBuildFile; fileRef = AF105E881B9B614400D00AE1 /* ShotsUpdater.m */; };
		AF105E9D1B9B614400D00AE1 /* ShotTableViewCell.m in Sources */ = {isa = PBXBuildFile; fileRef = AF105E8A1B9B614400D00AE1 /* ShotTableViewCell.m */; };
		AF105E9E1B9B614400D00AE1 /* ShotTableViewCell.xib in Resources */ = {isa = PBXBuildFile; fileRef = AF105E8B1B9B614400D00AE1 /* ShotTableViewCell.xib */; };
		AF105EA51B9B61D800D00AE1 /* AnimationUtils.m in Sources */ = {isa = PBXBuildFile; fileRef = AF105EA41B9B61D800D00AE1 /* AnimationUtils.m */; };
		AFA7599E1B9D38AE00D6E44B /* LaunchScreen.xib in Resources */ = {isa = PBXBuildFile; fileRef = AFA7599D1B9D38AE00D6E44B /* LaunchScreen.xib */; };
/* End PBXBuildFile section */

/* Begin PBXContainerItemProxy section */
		AF105E4D1B9B5DBA00D00AE1 /* PBXContainerItemProxy */ = {
			isa = PBXContainerItemProxy;
			containerPortal = AF105E2B1B9B5DBA00D00AE1 /* Project object */;
			proxyType = 1;
			remoteGlobalIDString = AF105E321B9B5DBA00D00AE1;
			remoteInfo = SimpleDribbble;
		};
		AF105E581B9B5DBA00D00AE1 /* PBXContainerItemProxy */ = {
			isa = PBXContainerItemProxy;
			containerPortal = AF105E2B1B9B5DBA00D00AE1 /* Project object */;
			proxyType = 1;
			remoteGlobalIDString = AF105E321B9B5DBA00D00AE1;
			remoteInfo = SimpleDribbble;
		};
/* End PBXContainerItemProxy section */

/* Begin PBXFileReference section */
		34EE933C8BBDBBABE97A237A /* Pods-SimpleDribbble.release.xcconfig */ = {isa = PBXFileReference; includeInIndex = 1; lastKnownFileType = text.xcconfig; name = "Pods-SimpleDribbble.release.xcconfig"; path = "Pods/Target Support Files/Pods-SimpleDribbble/Pods-SimpleDribbble.release.xcconfig"; sourceTree = "<group>"; };
		4D31E62A0372DE3954B062B3 /* Pods-SimpleDribbble.debug.xcconfig */ = {isa = PBXFileReference; includeInIndex = 1; lastKnownFileType = text.xcconfig; name = "Pods-SimpleDribbble.debug.xcconfig"; path = "Pods/Target Support Files/Pods-SimpleDribbble/Pods-SimpleDribbble.debug.xcconfig"; sourceTree = "<group>"; };
		AF105E331B9B5DBA00D00AE1 /* SimpleDribbble.app */ = {isa = PBXFileReference; explicitFileType = wrapper.application; includeInIndex = 0; path = SimpleDribbble.app; sourceTree = BUILT_PRODUCTS_DIR; };
		AF105E371B9B5DBA00D00AE1 /* main.m */ = {isa = PBXFileReference; lastKnownFileType = sourcecode.c.objc; path = main.m; sourceTree = "<group>"; };
		AF105E391B9B5DBA00D00AE1 /* AppDelegate.h */ = {isa = PBXFileReference; lastKnownFileType = sourcecode.c.h; path = AppDelegate.h; sourceTree = "<group>"; };
		AF105E3A1B9B5DBA00D00AE1 /* AppDelegate.m */ = {isa = PBXFileReference; lastKnownFileType = sourcecode.c.objc; path = AppDelegate.m; sourceTree = "<group>"; };
		AF105E401B9B5DBA00D00AE1 /* Base */ = {isa = PBXFileReference; lastKnownFileType = file.storyboard; name = Base; path = Base.lproj/Main.storyboard; sourceTree = "<group>"; };
		AF105E421B9B5DBA00D00AE1 /* Assets.xcassets */ = {isa = PBXFileReference; lastKnownFileType = folder.assetcatalog; path = Assets.xcassets; sourceTree = "<group>"; };
		AF105E471B9B5DBA00D00AE1 /* Info.plist */ = {isa = PBXFileReference; lastKnownFileType = text.plist.xml; path = Info.plist; sourceTree = "<group>"; };
		AF105E4C1B9B5DBA00D00AE1 /* SimpleDribbbleTests.xctest */ = {isa = PBXFileReference; explicitFileType = wrapper.cfbundle; includeInIndex = 0; path = SimpleDribbbleTests.xctest; sourceTree = BUILT_PRODUCTS_DIR; };
		AF105E571B9B5DBA00D00AE1 /* SimpleDribbbleUITests.xctest */ = {isa = PBXFileReference; explicitFileType = wrapper.cfbundle; includeInIndex = 0; path = SimpleDribbbleUITests.xctest; sourceTree = BUILT_PRODUCTS_DIR; };
		AF105E6B1B9B614400D00AE1 /* AnimationUtils.h */ = {isa = PBXFileReference; fileEncoding = 4; lastKnownFileType = sourcecode.c.h; path = AnimationUtils.h; sourceTree = "<group>"; };
		AF105E6C1B9B614400D00AE1 /* Constants.h */ = {isa = PBXFileReference; fileEncoding = 4; lastKnownFileType = sourcecode.c.h; path = Constants.h; sourceTree = "<group>"; };
		AF105E6D1B9B614400D00AE1 /* Constants.m */ = {isa = PBXFileReference; fileEncoding = 4; lastKnownFileType = sourcecode.c.objc; path = Constants.m; sourceTree = "<group>"; };
		AF105E6E1B9B614400D00AE1 /* NoMoreUpdatesView.h */ = {isa = PBXFileReference; fileEncoding = 4; lastKnownFileType = sourcecode.c.h; path = NoMoreUpdatesView.h; sourceTree = "<group>"; };
		AF105E6F1B9B614400D00AE1 /* NoMoreUpdatesView.m */ = {isa = PBXFileReference; fileEncoding = 4; lastKnownFileType = sourcecode.c.objc; path = NoMoreUpdatesView.m; sourceTree = "<group>"; };
		AF105E701B9B614400D00AE1 /* NoMoreUpdatesView.xib */ = {isa = PBXFileReference; fileEncoding = 4; lastKnownFileType = file.xib; path = NoMoreUpdatesView.xib; sourceTree = "<group>"; };
		AF105E711B9B614400D00AE1 /* Page.h */ = {isa = PBXFileReference; fileEncoding = 4; lastKnownFileType = sourcecode.c.h; path = Page.h; sourceTree = "<group>"; };
		AF105E721B9B614400D00AE1 /* Page.m */ = {isa = PBXFileReference; fileEncoding = 4; lastKnownFileType = sourcecode.c.objc; path = Page.m; sourceTree = "<group>"; };
		AF105E731B9B614400D00AE1 /* Player.h */ = {isa = PBXFileReference; fileEncoding = 4; lastKnownFileType = sourcecode.c.h; path = Player.h; sourceTree = "<group>"; };
		AF105E741B9B614400D00AE1 /* Player.m */ = {isa = PBXFileReference; fileEncoding = 4; lastKnownFileType = sourcecode.c.objc; path = Player.m; sourceTree = "<group>"; };
		AF105E751B9B614400D00AE1 /* PullToRefreshView.h */ = {isa = PBXFileReference; fileEncoding = 4; lastKnownFileType = sourcecode.c.h; path = PullToRefreshView.h; sourceTree = "<group>"; };
		AF105E761B9B614400D00AE1 /* PullToRefreshView.m */ = {isa = PBXFileReference; fileEncoding = 4; lastKnownFileType = sourcecode.c.objc; path = PullToRefreshView.m; sourceTree = "<group>"; };
		AF105E771B9B614400D00AE1 /* PullToRefreshView.xib */ = {isa = PBXFileReference; fileEncoding = 4; lastKnownFileType = file.xib; path = PullToRefreshView.xib; sourceTree = "<group>"; };
		AF105E781B9B614400D00AE1 /* ReleaseToRefreshView.h */ = {isa = PBXFileReference; fileEncoding = 4; lastKnownFileType = sourcecode.c.h; path = ReleaseToRefreshView.h; sourceTree = "<group>"; };
		AF105E791B9B614400D00AE1 /* ReleaseToRefreshView.m */ = {isa = PBXFileReference; fileEncoding = 4; lastKnownFileType = sourcecode.c.objc; path = ReleaseToRefreshView.m; sourceTree = "<group>"; };
		AF105E7A1B9B614400D00AE1 /* ReleaseToRefreshView.xib */ = {isa = PBXFileReference; fileEncoding = 4; lastKnownFileType = file.xib; path = ReleaseToRefreshView.xib; sourceTree = "<group>"; };
		AF105E7B1B9B614400D00AE1 /* Shot.h */ = {isa = PBXFileReference; fileEncoding = 4; lastKnownFileType = sourcecode.c.h; path = Shot.h; sourceTree = "<group>"; };
		AF105E7C1B9B614400D00AE1 /* Shot.m */ = {isa = PBXFileReference; fileEncoding = 4; lastKnownFileType = sourcecode.c.objc; path = Shot.m; sourceTree = "<group>"; };
		AF105E7D1B9B614400D00AE1 /* ShotDescriptionTableViewCell.h */ = {isa = PBXFileReference; fileEncoding = 4; lastKnownFileType = sourcecode.c.h; path = ShotDescriptionTableViewCell.h; sourceTree = "<group>"; };
		AF105E7E1B9B614400D00AE1 /* ShotDescriptionTableViewCell.m */ = {isa = PBXFileReference; fileEncoding = 4; lastKnownFileType = sourcecode.c.objc; path = ShotDescriptionTableViewCell.m; sourceTree = "<group>"; };
		AF105E7F1B9B614400D00AE1 /* ShotDescriptionTableViewCell.xib */ = {isa = PBXFileReference; fileEncoding = 4; lastKnownFileType = file.xib; path = ShotDescriptionTableViewCell.xib; sourceTree = "<group>"; };
		AF105E801B9B614400D00AE1 /* ShotDetailsTableViewController.h */ = {isa = PBXFileReference; fileEncoding = 4; lastKnownFileType = sourcecode.c.h; path = ShotDetailsTableViewController.h; sourceTree = "<group>"; };
		AF105E811B9B614400D00AE1 /* ShotDetailsTableViewController.m */ = {isa = PBXFileReference; fileEncoding = 4; lastKnownFileType = sourcecode.c.objc; path = ShotDetailsTableViewController.m; sourceTree = "<group>"; };
		AF105E821B9B614400D00AE1 /* ShotPlayerTableViewCell.h */ = {isa = PBXFileReference; fileEncoding = 4; lastKnownFileType = sourcecode.c.h; path = ShotPlayerTableViewCell.h; sourceTree = "<group>"; };
		AF105E831B9B614400D00AE1 /* ShotPlayerTableViewCell.m */ = {isa = PBXFileReference; fileEncoding = 4; lastKnownFileType = sourcecode.c.objc; path = ShotPlayerTableViewCell.m; sourceTree = "<group>"; };
		AF105E841B9B614400D00AE1 /* ShotPlayerTableViewCell.xib */ = {isa = PBXFileReference; fileEncoding = 4; lastKnownFileType = file.xib; path = ShotPlayerTableViewCell.xib; sourceTree = "<group>"; };
		AF105E851B9B614400D00AE1 /* ShotsTableViewController.h */ = {isa = PBXFileReference; fileEncoding = 4; lastKnownFileType = sourcecode.c.h; path = ShotsTableViewController.h; sourceTree = "<group>"; };
		AF105E861B9B614400D00AE1 /* ShotsTableViewController.m */ = {isa = PBXFileReference; fileEncoding = 4; lastKnownFileType = sourcecode.c.objc; path = ShotsTableViewController.m; sourceTree = "<group>"; };
		AF105E871B9B614400D00AE1 /* ShotsUpdater.h */ = {isa = PBXFileReference; fileEncoding = 4; lastKnownFileType = sourcecode.c.h; path = ShotsUpdater.h; sourceTree = "<group>"; };
		AF105E881B9B614400D00AE1 /* ShotsUpdater.m */ = {isa = PBXFileReference; fileEncoding = 4; lastKnownFileType = sourcecode.c.objc; path = ShotsUpdater.m; sourceTree = "<group>"; };
		AF105E891B9B614400D00AE1 /* ShotTableViewCell.h */ = {isa = PBXFileReference; fileEncoding = 4; lastKnownFileType = sourcecode.c.h; path = ShotTableViewCell.h; sourceTree = "<group>"; };
		AF105E8A1B9B614400D00AE1 /* ShotTableViewCell.m */ = {isa = PBXFileReference; fileEncoding = 4; lastKnownFileType = sourcecode.c.objc; path = ShotTableViewCell.m; sourceTree = "<group>"; };
		AF105E8B1B9B614400D00AE1 /* ShotTableViewCell.xib */ = {isa = PBXFileReference; fileEncoding = 4; lastKnownFileType = file.xib; path = ShotTableViewCell.xib; sourceTree = "<group>"; };
		AF105EA41B9B61D800D00AE1 /* AnimationUtils.m */ = {isa = PBXFileReference; fileEncoding = 4; lastKnownFileType = sourcecode.c.objc; path = AnimationUtils.m; sourceTree = "<group>"; };
		AFA7599D1B9D38AE00D6E44B /* LaunchScreen.xib */ = {isa = PBXFileReference; fileEncoding = 4; lastKnownFileType = file.xib; path = LaunchScreen.xib; sourceTree = "<group>"; };
		C669180ED3439B4412C966E9 /* libPods-SimpleDribbble.a */ = {isa = PBXFileReference; explicitFileType = archive.ar; includeInIndex = 0; path = "libPods-SimpleDribbble.a"; sourceTree = BUILT_PRODUCTS_DIR; };
/* End PBXFileReference section */

/* Begin PBXFrameworksBuildPhase section */
		AF105E301B9B5DBA00D00AE1 /* Frameworks */ = {
			isa = PBXFrameworksBuildPhase;
			buildActionMask = 2147483647;
			files = (
				962B96EACE1EA7367A1130AE /* libPods-SimpleDribbble.a in Frameworks */,
			);
			runOnlyForDeploymentPostprocessing = 0;
		};
		AF105E491B9B5DBA00D00AE1 /* Frameworks */ = {
			isa = PBXFrameworksBuildPhase;
			buildActionMask = 2147483647;
			files = (
			);
			runOnlyForDeploymentPostprocessing = 0;
		};
		AF105E541B9B5DBA00D00AE1 /* Frameworks */ = {
			isa = PBXFrameworksBuildPhase;
			buildActionMask = 2147483647;
			files = (
			);
			runOnlyForDeploymentPostprocessing = 0;
		};
/* End PBXFrameworksBuildPhase section */

/* Begin PBXGroup section */
		048E60F8DB6D80B1DD12E583 /* Frameworks */ = {
			isa = PBXGroup;
			children = (
				C669180ED3439B4412C966E9 /* libPods-SimpleDribbble.a */,
			);
			name = Frameworks;
			sourceTree = "<group>";
		};
		5BD187DFAF8B731393E62EF5 /* Pods */ = {
			isa = PBXGroup;
			children = (
				4D31E62A0372DE3954B062B3 /* Pods-SimpleDribbble.debug.xcconfig */,
				34EE933C8BBDBBABE97A237A /* Pods-SimpleDribbble.release.xcconfig */,
			);
			name = Pods;
			sourceTree = "<group>";
		};
		AF105E2A1B9B5DBA00D00AE1 = {
			isa = PBXGroup;
			children = (
				AF105E351B9B5DBA00D00AE1 /* SimpleDribbble */,
				AF105E341B9B5DBA00D00AE1 /* Products */,
				5BD187DFAF8B731393E62EF5 /* Pods */,
				048E60F8DB6D80B1DD12E583 /* Frameworks */,
			);
			sourceTree = "<group>";
		};
		AF105E341B9B5DBA00D00AE1 /* Products */ = {
			isa = PBXGroup;
			children = (
				AF105E331B9B5DBA00D00AE1 /* SimpleDribbble.app */,
				AF105E4C1B9B5DBA00D00AE1 /* SimpleDribbbleTests.xctest */,
				AF105E571B9B5DBA00D00AE1 /* SimpleDribbbleUITests.xctest */,
			);
			name = Products;
			sourceTree = "<group>";
		};
		AF105E351B9B5DBA00D00AE1 /* SimpleDribbble */ = {
			isa = PBXGroup;
			children = (
				AF105E391B9B5DBA00D00AE1 /* AppDelegate.h */,
				AF105E3A1B9B5DBA00D00AE1 /* AppDelegate.m */,
				AF105E6A1B9B5ED800D00AE1 /* Controllers */,
				AF105EA01B9B616200D00AE1 /* Model */,
				AF105E361B9B5DBA00D00AE1 /* Supporting Files */,
				AF105E9F1B9B614900D00AE1 /* Utils */,
				AF105E691B9B5EC900D00AE1 /* Views */,
			);
			path = SimpleDribbble;
			sourceTree = "<group>";
		};
		AF105E361B9B5DBA00D00AE1 /* Supporting Files */ = {
			isa = PBXGroup;
			children = (
				AF105E471B9B5DBA00D00AE1 /* Info.plist */,
				AF105E421B9B5DBA00D00AE1 /* Assets.xcassets */,
				AF105E371B9B5DBA00D00AE1 /* main.m */,
			);
			name = "Supporting Files";
			sourceTree = "<group>";
		};
		AF105E691B9B5EC900D00AE1 /* Views */ = {
			isa = PBXGroup;
			children = (
				AF105EB01B9B629900D00AE1 /* ShotTableViewCell */,
				AF105EAF1B9B628600D00AE1 /* NoMoreUpdatesView */,
				AF105EAD1B9B626400D00AE1 /* ShotPlayerTableViewCell */,
				AF105EAB1B9B621A00D00AE1 /* ShotDescriptionTableViewCell */,
				AF105EAA1B9B620C00D00AE1 /* ReleaseToRefreshView */,
				AF105EA91B9B620100D00AE1 /* PullToRefreshView */,
				AF105E3F1B9B5DBA00D00AE1 /* Main.storyboard */,
				AFA7599D1B9D38AE00D6E44B /* LaunchScreen.xib */,
			);
			name = Views;
			sourceTree = "<group>";
		};
		AF105E6A1B9B5ED800D00AE1 /* Controllers */ = {
			isa = PBXGroup;
			children = (
				AF105EAE1B9B627A00D00AE1 /* ShotsTableViewController */,
				AF105EAC1B9B623200D00AE1 /* ShotDetailsTableViewController */,
			);
			name = Controllers;
			sourceTree = "<group>";
		};
		AF105E9F1B9B614900D00AE1 /* Utils */ = {
			isa = PBXGroup;
			children = (
				AF105EA81B9B61F200D00AE1 /* AnimationUtils */,
				AF105EA71B9B61E900D00AE1 /* Contants */,
				AF105EA61B9B61DE00D00AE1 /* ShotsUpdater */,
			);
			name = Utils;
			sourceTree = "<group>";
		};
		AF105EA01B9B616200D00AE1 /* Model */ = {
			isa = PBXGroup;
			children = (
				AF105EA31B9B618600D00AE1 /* Player */,
				AF105EA21B9B617E00D00AE1 /* Page */,
				AF105EA11B9B617400D00AE1 /* Shot */,
			);
			name = Model;
			sourceTree = "<group>";
		};
		AF105EA11B9B617400D00AE1 /* Shot */ = {
			isa = PBXGroup;
			children = (
				AF105E7B1B9B614400D00AE1 /* Shot.h */,
				AF105E7C1B9B614400D00AE1 /* Shot.m */,
			);
			name = Shot;
			sourceTree = "<group>";
		};
		AF105EA21B9B617E00D00AE1 /* Page */ = {
			isa = PBXGroup;
			children = (
				AF105E711B9B614400D00AE1 /* Page.h */,
				AF105E721B9B614400D00AE1 /* Page.m */,
			);
			name = Page;
			sourceTree = "<group>";
		};
		AF105EA31B9B618600D00AE1 /* Player */ = {
			isa = PBXGroup;
			children = (
				AF105E731B9B614400D00AE1 /* Player.h */,
				AF105E741B9B614400D00AE1 /* Player.m */,
			);
			name = Player;
			sourceTree = "<group>";
		};
		AF105EA61B9B61DE00D00AE1 /* ShotsUpdater */ = {
			isa = PBXGroup;
			children = (
				AF105E871B9B614400D00AE1 /* ShotsUpdater.h */,
				AF105E881B9B614400D00AE1 /* ShotsUpdater.m */,
			);
			name = ShotsUpdater;
			sourceTree = "<group>";
		};
		AF105EA71B9B61E900D00AE1 /* Contants */ = {
			isa = PBXGroup;
			children = (
				AF105E6C1B9B614400D00AE1 /* Constants.h */,
				AF105E6D1B9B614400D00AE1 /* Constants.m */,
			);
			name = Contants;
			sourceTree = "<group>";
		};
		AF105EA81B9B61F200D00AE1 /* AnimationUtils */ = {
			isa = PBXGroup;
			children = (
				AF105E6B1B9B614400D00AE1 /* AnimationUtils.h */,
				AF105EA41B9B61D800D00AE1 /* AnimationUtils.m */,
			);
			name = AnimationUtils;
			sourceTree = "<group>";
		};
		AF105EA91B9B620100D00AE1 /* PullToRefreshView */ = {
			isa = PBXGroup;
			children = (
				AF105E751B9B614400D00AE1 /* PullToRefreshView.h */,
				AF105E761B9B614400D00AE1 /* PullToRefreshView.m */,
				AF105E771B9B614400D00AE1 /* PullToRefreshView.xib */,
			);
			name = PullToRefreshView;
			sourceTree = "<group>";
		};
		AF105EAA1B9B620C00D00AE1 /* ReleaseToRefreshView */ = {
			isa = PBXGroup;
			children = (
				AF105E781B9B614400D00AE1 /* ReleaseToRefreshView.h */,
				AF105E791B9B614400D00AE1 /* ReleaseToRefreshView.m */,
				AF105E7A1B9B614400D00AE1 /* ReleaseToRefreshView.xib */,
			);
			name = ReleaseToRefreshView;
			sourceTree = "<group>";
		};
		AF105EAB1B9B621A00D00AE1 /* ShotDescriptionTableViewCell */ = {
			isa = PBXGroup;
			children = (
				AF105E7D1B9B614400D00AE1 /* ShotDescriptionTableViewCell.h */,
				AF105E7E1B9B614400D00AE1 /* ShotDescriptionTableViewCell.m */,
				AF105E7F1B9B614400D00AE1 /* ShotDescriptionTableViewCell.xib */,
			);
			name = ShotDescriptionTableViewCell;
			sourceTree = "<group>";
		};
		AF105EAC1B9B623200D00AE1 /* ShotDetailsTableViewController */ = {
			isa = PBXGroup;
			children = (
				AF105E801B9B614400D00AE1 /* ShotDetailsTableViewController.h */,
				AF105E811B9B614400D00AE1 /* ShotDetailsTableViewController.m */,
			);
			name = ShotDetailsTableViewController;
			sourceTree = "<group>";
		};
		AF105EAD1B9B626400D00AE1 /* ShotPlayerTableViewCell */ = {
			isa = PBXGroup;
			children = (
				AF105E821B9B614400D00AE1 /* ShotPlayerTableViewCell.h */,
				AF105E831B9B614400D00AE1 /* ShotPlayerTableViewCell.m */,
				AF105E841B9B614400D00AE1 /* ShotPlayerTableViewCell.xib */,
			);
			name = ShotPlayerTableViewCell;
			sourceTree = "<group>";
		};
		AF105EAE1B9B627A00D00AE1 /* ShotsTableViewController */ = {
			isa = PBXGroup;
			children = (
				AF105E851B9B614400D00AE1 /* ShotsTableViewController.h */,
				AF105E861B9B614400D00AE1 /* ShotsTableViewController.m */,
			);
			name = ShotsTableViewController;
			sourceTree = "<group>";
		};
		AF105EAF1B9B628600D00AE1 /* NoMoreUpdatesView */ = {
			isa = PBXGroup;
			children = (
				AF105E6E1B9B614400D00AE1 /* NoMoreUpdatesView.h */,
				AF105E6F1B9B614400D00AE1 /* NoMoreUpdatesView.m */,
				AF105E701B9B614400D00AE1 /* NoMoreUpdatesView.xib */,
			);
			name = NoMoreUpdatesView;
			sourceTree = "<group>";
		};
		AF105EB01B9B629900D00AE1 /* ShotTableViewCell */ = {
			isa = PBXGroup;
			children = (
				AF105E891B9B614400D00AE1 /* ShotTableViewCell.h */,
				AF105E8A1B9B614400D00AE1 /* ShotTableViewCell.m */,
				AF105E8B1B9B614400D00AE1 /* ShotTableViewCell.xib */,
			);
			name = ShotTableViewCell;
			sourceTree = "<group>";
		};
/* End PBXGroup section */

/* Begin PBXNativeTarget section */
		AF105E321B9B5DBA00D00AE1 /* SimpleDribbble */ = {
			isa = PBXNativeTarget;
			buildConfigurationList = AF105E601B9B5DBA00D00AE1 /* Build configuration list for PBXNativeTarget "SimpleDribbble" */;
			buildPhases = (
				E5905A81A4ECFCD0310CD391 /* Check Pods Manifest.lock */,
				AF105E2F1B9B5DBA00D00AE1 /* Sources */,
				AF105E301B9B5DBA00D00AE1 /* Frameworks */,
				AF105E311B9B5DBA00D00AE1 /* Resources */,
				87E1884910354DF50CAADD28 /* Copy Pods Resources */,
			);
			buildRules = (
			);
			dependencies = (
			);
			name = SimpleDribbble;
			productName = SimpleDribbble;
			productReference = AF105E331B9B5DBA00D00AE1 /* SimpleDribbble.app */;
			productType = "com.apple.product-type.application";
		};
		AF105E4B1B9B5DBA00D00AE1 /* SimpleDribbbleTests */ = {
			isa = PBXNativeTarget;
			buildConfigurationList = AF105E631B9B5DBA00D00AE1 /* Build configuration list for PBXNativeTarget "SimpleDribbbleTests" */;
			buildPhases = (
				AF105E481B9B5DBA00D00AE1 /* Sources */,
				AF105E491B9B5DBA00D00AE1 /* Frameworks */,
				AF105E4A1B9B5DBA00D00AE1 /* Resources */,
			);
			buildRules = (
			);
			dependencies = (
				AF105E4E1B9B5DBA00D00AE1 /* PBXTargetDependency */,
			);
			name = SimpleDribbbleTests;
			productName = SimpleDribbbleTests;
			productReference = AF105E4C1B9B5DBA00D00AE1 /* SimpleDribbbleTests.xctest */;
			productType = "com.apple.product-type.bundle.unit-test";
		};
		AF105E561B9B5DBA00D00AE1 /* SimpleDribbbleUITests */ = {
			isa = PBXNativeTarget;
			buildConfigurationList = AF105E661B9B5DBA00D00AE1 /* Build configuration list for PBXNativeTarget "SimpleDribbbleUITests" */;
			buildPhases = (
				AF105E531B9B5DBA00D00AE1 /* Sources */,
				AF105E541B9B5DBA00D00AE1 /* Frameworks */,
				AF105E551B9B5DBA00D00AE1 /* Resources */,
			);
			buildRules = (
			);
			dependencies = (
				AF105E591B9B5DBA00D00AE1 /* PBXTargetDependency */,
			);
			name = SimpleDribbbleUITests;
			productName = SimpleDribbbleUITests;
			productReference = AF105E571B9B5DBA00D00AE1 /* SimpleDribbbleUITests.xctest */;
			productType = "com.apple.product-type.bundle.ui-testing";
		};
/* End PBXNativeTarget section */

/* Begin PBXProject section */
		AF105E2B1B9B5DBA00D00AE1 /* Project object */ = {
			isa = PBXProject;
			attributes = {
				LastUpgradeCheck = 0700;
				ORGANIZATIONNAME = Rossener;
				TargetAttributes = {
					AF105E321B9B5DBA00D00AE1 = {
						CreatedOnToolsVersion = 7.0;
					};
					AF105E4B1B9B5DBA00D00AE1 = {
						CreatedOnToolsVersion = 7.0;
						TestTargetID = AF105E321B9B5DBA00D00AE1;
					};
					AF105E561B9B5DBA00D00AE1 = {
						CreatedOnToolsVersion = 7.0;
						TestTargetID = AF105E321B9B5DBA00D00AE1;
					};
				};
			};
			buildConfigurationList = AF105E2E1B9B5DBA00D00AE1 /* Build configuration list for PBXProject "SimpleDribbble" */;
			compatibilityVersion = "Xcode 3.2";
			developmentRegion = English;
			hasScannedForEncodings = 0;
			knownRegions = (
				en,
				Base,
			);
			mainGroup = AF105E2A1B9B5DBA00D00AE1;
			productRefGroup = AF105E341B9B5DBA00D00AE1 /* Products */;
			projectDirPath = "";
			projectRoot = "";
			targets = (
				AF105E321B9B5DBA00D00AE1 /* SimpleDribbble */,
				AF105E4B1B9B5DBA00D00AE1 /* SimpleDribbbleTests */,
				AF105E561B9B5DBA00D00AE1 /* SimpleDribbbleUITests */,
			);
		};
/* End PBXProject section */

/* Begin PBXResourcesBuildPhase section */
		AF105E311B9B5DBA00D00AE1 /* Resources */ = {
			isa = PBXResourcesBuildPhase;
			buildActionMask = 2147483647;
			files = (
				AFA7599E1B9D38AE00D6E44B /* LaunchScreen.xib in Resources */,
				AF105E431B9B5DBA00D00AE1 /* Assets.xcassets in Resources */,
				AF105E9A1B9B614400D00AE1 /* ShotPlayerTableViewCell.xib in Resources */,
				AF105E411B9B5DBA00D00AE1 /* Main.storyboard in Resources */,
				AF105E941B9B614400D00AE1 /* ReleaseToRefreshView.xib in Resources */,
				AF105E9E1B9B614400D00AE1 /* ShotTableViewCell.xib in Resources */,
				AF105E971B9B614400D00AE1 /* ShotDescriptionTableViewCell.xib in Resources */,
				AF105E921B9B614400D00AE1 /* PullToRefreshView.xib in Resources */,
				AF105E8E1B9B614400D00AE1 /* NoMoreUpdatesView.xib in Resources */,
			);
			runOnlyForDeploymentPostprocessing = 0;
		};
		AF105E4A1B9B5DBA00D00AE1 /* Resources */ = {
			isa = PBXResourcesBuildPhase;
			buildActionMask = 2147483647;
			files = (
			);
			runOnlyForDeploymentPostprocessing = 0;
		};
		AF105E551B9B5DBA00D00AE1 /* Resources */ = {
			isa = PBXResourcesBuildPhase;
			buildActionMask = 2147483647;
			files = (
			);
			runOnlyForDeploymentPostprocessing = 0;
		};
/* End PBXResourcesBuildPhase section */

/* Begin PBXShellScriptBuildPhase section */
		87E1884910354DF50CAADD28 /* Copy Pods Resources */ = {
			isa = PBXShellScriptBuildPhase;
			buildActionMask = 2147483647;
			files = (
			);
			inputPaths = (
			);
			name = "Copy Pods Resources";
			outputPaths = (
			);
			runOnlyForDeploymentPostprocessing = 0;
			shellPath = /bin/sh;
			shellScript = "\"${SRCROOT}/Pods/Target Support Files/Pods-SimpleDribbble/Pods-SimpleDribbble-resources.sh\"\n";
			showEnvVarsInLog = 0;
		};
		E5905A81A4ECFCD0310CD391 /* Check Pods Manifest.lock */ = {
			isa = PBXShellScriptBuildPhase;
			buildActionMask = 2147483647;
			files = (
			);
			inputPaths = (
			);
			name = "Check Pods Manifest.lock";
			outputPaths = (
			);
			runOnlyForDeploymentPostprocessing = 0;
			shellPath = /bin/sh;
			shellScript = "diff \"${PODS_ROOT}/../Podfile.lock\" \"${PODS_ROOT}/Manifest.lock\" > /dev/null\nif [[ $? != 0 ]] ; then\n    cat << EOM\nerror: The sandbox is not in sync with the Podfile.lock. Run 'pod install' or update your CocoaPods installation.\nEOM\n    exit 1\nfi\n";
			showEnvVarsInLog = 0;
		};
/* End PBXShellScriptBuildPhase section */

/* Begin PBXSourcesBuildPhase section */
		AF105E2F1B9B5DBA00D00AE1 /* Sources */ = {
			isa = PBXSourcesBuildPhase;
			buildActionMask = 2147483647;
			files = (
				AF105E911B9B614400D00AE1 /* PullToRefreshView.m in Sources */,
				AF105E991B9B614400D00AE1 /* ShotPlayerTableViewCell.m in Sources */,
				AF105EA51B9B61D800D00AE1 /* AnimationUtils.m in Sources */,
				AF105E8F1B9B614400D00AE1 /* Page.m in Sources */,
				AF105E9C1B9B614400D00AE1 /* ShotsUpdater.m in Sources */,
				AF105E9B1B9B614400D00AE1 /* ShotsTableViewController.m in Sources */,
				AF105E931B9B614400D00AE1 /* ReleaseToRefreshView.m in Sources */,
				AF105E3B1B9B5DBA00D00AE1 /* AppDelegate.m in Sources */,
				AF105E961B9B614400D00AE1 /* ShotDescriptionTableViewCell.m in Sources */,
				AF105E951B9B614400D00AE1 /* Shot.m in Sources */,
				AF105E381B9B5DBA00D00AE1 /* main.m in Sources */,
				AF105E981B9B614400D00AE1 /* ShotDetailsTableViewController.m in Sources */,
				AF105E8C1B9B614400D00AE1 /* Constants.m in Sources */,
				AF105E901B9B614400D00AE1 /* Player.m in Sources */,
				AF105E8D1B9B614400D00AE1 /* NoMoreUpdatesView.m in Sources */,
				AF105E9D1B9B614400D00AE1 /* ShotTableViewCell.m in Sources */,
			);
			runOnlyForDeploymentPostprocessing = 0;
		};
		AF105E481B9B5DBA00D00AE1 /* Sources */ = {
			isa = PBXSourcesBuildPhase;
			buildActionMask = 2147483647;
			files = (
			);
			runOnlyForDeploymentPostprocessing = 0;
		};
		AF105E531B9B5DBA00D00AE1 /* Sources */ = {
			isa = PBXSourcesBuildPhase;
			buildActionMask = 2147483647;
			files = (
			);
			runOnlyForDeploymentPostprocessing = 0;
		};
/* End PBXSourcesBuildPhase section */

/* Begin PBXTargetDependency section */
		AF105E4E1B9B5DBA00D00AE1 /* PBXTargetDependency */ = {
			isa = PBXTargetDependency;
			target = AF105E321B9B5DBA00D00AE1 /* SimpleDribbble */;
			targetProxy = AF105E4D1B9B5DBA00D00AE1 /* PBXContainerItemProxy */;
		};
		AF105E591B9B5DBA00D00AE1 /* PBXTargetDependency */ = {
			isa = PBXTargetDependency;
			target = AF105E321B9B5DBA00D00AE1 /* SimpleDribbble */;
			targetProxy = AF105E581B9B5DBA00D00AE1 /* PBXContainerItemProxy */;
		};
/* End PBXTargetDependency section */

/* Begin PBXVariantGroup section */
		AF105E3F1B9B5DBA00D00AE1 /* Main.storyboard */ = {
			isa = PBXVariantGroup;
			children = (
				AF105E401B9B5DBA00D00AE1 /* Base */,
			);
			name = Main.storyboard;
			sourceTree = "<group>";
		};
/* End PBXVariantGroup section */

/* Begin XCBuildConfiguration section */
		AF105E5E1B9B5DBA00D00AE1 /* Debug */ = {
			isa = XCBuildConfiguration;
			buildSettings = {
				ALWAYS_SEARCH_USER_PATHS = NO;
				CLANG_CXX_LANGUAGE_STANDARD = "gnu++0x";
				CLANG_CXX_LIBRARY = "libc++";
				CLANG_ENABLE_MODULES = YES;
				CLANG_ENABLE_OBJC_ARC = YES;
				CLANG_WARN_BOOL_CONVERSION = YES;
				CLANG_WARN_CONSTANT_CONVERSION = YES;
				CLANG_WARN_DIRECT_OBJC_ISA_USAGE = YES_ERROR;
				CLANG_WARN_EMPTY_BODY = YES;
				CLANG_WARN_ENUM_CONVERSION = YES;
				CLANG_WARN_INT_CONVERSION = YES;
				CLANG_WARN_OBJC_ROOT_CLASS = YES_ERROR;
				CLANG_WARN_UNREACHABLE_CODE = YES;
				CLANG_WARN__DUPLICATE_METHOD_MATCH = YES;
				"CODE_SIGN_IDENTITY[sdk=iphoneos*]" = "iPhone Developer";
				COPY_PHASE_STRIP = NO;
				DEBUG_INFORMATION_FORMAT = dwarf;
				ENABLE_STRICT_OBJC_MSGSEND = YES;
				ENABLE_TESTABILITY = YES;
				GCC_C_LANGUAGE_STANDARD = gnu99;
				GCC_DYNAMIC_NO_PIC = NO;
				GCC_NO_COMMON_BLOCKS = YES;
				GCC_OPTIMIZATION_LEVEL = 0;
				GCC_PREPROCESSOR_DEFINITIONS = (
					"DEBUG=1",
					"$(inherited)",
				);
				GCC_WARN_64_TO_32_BIT_CONVERSION = YES;
				GCC_WARN_ABOUT_RETURN_TYPE = YES_ERROR;
				GCC_WARN_UNDECLARED_SELECTOR = YES;
				GCC_WARN_UNINITIALIZED_AUTOS = YES_AGGRESSIVE;
				GCC_WARN_UNUSED_FUNCTION = YES;
				GCC_WARN_UNUSED_VARIABLE = YES;
				IPHONEOS_DEPLOYMENT_TARGET = 8.0;
				MTL_ENABLE_DEBUG_INFO = YES;
				ONLY_ACTIVE_ARCH = YES;
				SDKROOT = iphoneos;
				TARGETED_DEVICE_FAMILY = "1,2";
			};
			name = Debug;
		};
		AF105E5F1B9B5DBA00D00AE1 /* Release */ = {
			isa = XCBuildConfiguration;
			buildSettings = {
				ALWAYS_SEARCH_USER_PATHS = NO;
				CLANG_CXX_LANGUAGE_STANDARD = "gnu++0x";
				CLANG_CXX_LIBRARY = "libc++";
				CLANG_ENABLE_MODULES = YES;
				CLANG_ENABLE_OBJC_ARC = YES;
				CLANG_WARN_BOOL_CONVERSION = YES;
				CLANG_WARN_CONSTANT_CONVERSION = YES;
				CLANG_WARN_DIRECT_OBJC_ISA_USAGE = YES_ERROR;
				CLANG_WARN_EMPTY_BODY = YES;
				CLANG_WARN_ENUM_CONVERSION = YES;
				CLANG_WARN_INT_CONVERSION = YES;
				CLANG_WARN_OBJC_ROOT_CLASS = YES_ERROR;
				CLANG_WARN_UNREACHABLE_CODE = YES;
				CLANG_WARN__DUPLICATE_METHOD_MATCH = YES;
				"CODE_SIGN_IDENTITY[sdk=iphoneos*]" = "iPhone Developer";
				COPY_PHASE_STRIP = NO;
				DEBUG_INFORMATION_FORMAT = "dwarf-with-dsym";
				ENABLE_NS_ASSERTIONS = NO;
				ENABLE_STRICT_OBJC_MSGSEND = YES;
				GCC_C_LANGUAGE_STANDARD = gnu99;
				GCC_NO_COMMON_BLOCKS = YES;
				GCC_WARN_64_TO_32_BIT_CONVERSION = YES;
				GCC_WARN_ABOUT_RETURN_TYPE = YES_ERROR;
				GCC_WARN_UNDECLARED_SELECTOR = YES;
				GCC_WARN_UNINITIALIZED_AUTOS = YES_AGGRESSIVE;
				GCC_WARN_UNUSED_FUNCTION = YES;
				GCC_WARN_UNUSED_VARIABLE = YES;
				IPHONEOS_DEPLOYMENT_TARGET = 8.0;
				MTL_ENABLE_DEBUG_INFO = NO;
				SDKROOT = iphoneos;
				TARGETED_DEVICE_FAMILY = "1,2";
				VALIDATE_PRODUCT = YES;
			};
			name = Release;
		};
		AF105E611B9B5DBA00D00AE1 /* Debug */ = {
			isa = XCBuildConfiguration;
			baseConfigurationReference = 4D31E62A0372DE3954B062B3 /* Pods-SimpleDribbble.debug.xcconfig */;
			buildSettings = {
				ASSETCATALOG_COMPILER_APPICON_NAME = AppIcon;
				INFOPLIST_FILE = SimpleDribbble/Info.plist;
				IPHONEOS_DEPLOYMENT_TARGET = 7.0;
				LD_RUNPATH_SEARCH_PATHS = "$(inherited) @executable_path/Frameworks";
				PRODUCT_BUNDLE_IDENTIFIER = com.rossener.SimpleDribbble;
				PRODUCT_NAME = "$(TARGET_NAME)";
			};
			name = Debug;
		};
		AF105E621B9B5DBA00D00AE1 /* Release */ = {
			isa = XCBuildConfiguration;
			baseConfigurationReference = 34EE933C8BBDBBABE97A237A /* Pods-SimpleDribbble.release.xcconfig */;
			buildSettings = {
				ASSETCATALOG_COMPILER_APPICON_NAME = AppIcon;
				INFOPLIST_FILE = SimpleDribbble/Info.plist;
				IPHONEOS_DEPLOYMENT_TARGET = 7.0;
				LD_RUNPATH_SEARCH_PATHS = "$(inherited) @executable_path/Frameworks";
				PRODUCT_BUNDLE_IDENTIFIER = com.rossener.SimpleDribbble;
				PRODUCT_NAME = "$(TARGET_NAME)";
			};
			name = Release;
		};
		AF105E641B9B5DBA00D00AE1 /* Debug */ = {
			isa = XCBuildConfiguration;
			buildSettings = {
				BUNDLE_LOADER = "$(TEST_HOST)";
				INFOPLIST_FILE = SimpleDribbbleTests/Info.plist;
				LD_RUNPATH_SEARCH_PATHS = "$(inherited) @executable_path/Frameworks @loader_path/Frameworks";
				PRODUCT_BUNDLE_IDENTIFIER = com.rossener.SimpleDribbbleTests;
				PRODUCT_NAME = "$(TARGET_NAME)";
				TEST_HOST = "$(BUILT_PRODUCTS_DIR)/SimpleDribbble.app/SimpleDribbble";
			};
			name = Debug;
		};
		AF105E651B9B5DBA00D00AE1 /* Release */ = {
			isa = XCBuildConfiguration;
			buildSettings = {
				BUNDLE_LOADER = "$(TEST_HOST)";
				INFOPLIST_FILE = SimpleDribbbleTests/Info.plist;
				LD_RUNPATH_SEARCH_PATHS = "$(inherited) @executable_path/Frameworks @loader_path/Frameworks";
				PRODUCT_BUNDLE_IDENTIFIER = com.rossener.SimpleDribbbleTests;
				PRODUCT_NAME = "$(TARGET_NAME)";
				TEST_HOST = "$(BUILT_PRODUCTS_DIR)/SimpleDribbble.app/SimpleDribbble";
			};
			name = Release;
		};
		AF105E671B9B5DBA00D00AE1 /* Debug */ = {
			isa = XCBuildConfiguration;
			buildSettings = {
				INFOPLIST_FILE = SimpleDribbbleUITests/Info.plist;
				LD_RUNPATH_SEARCH_PATHS = "$(inherited) @executable_path/Frameworks @loader_path/Frameworks";
				PRODUCT_BUNDLE_IDENTIFIER = com.rossener.SimpleDribbbleUITests;
				PRODUCT_NAME = "$(TARGET_NAME)";
				TEST_TARGET_NAME = SimpleDribbble;
				USES_XCTRUNNER = YES;
			};
			name = Debug;
		};
		AF105E681B9B5DBA00D00AE1 /* Release */ = {
			isa = XCBuildConfiguration;
			buildSettings = {
				INFOPLIST_FILE = SimpleDribbbleUITests/Info.plist;
				LD_RUNPATH_SEARCH_PATHS = "$(inherited) @executable_path/Frameworks @loader_path/Frameworks";
				PRODUCT_BUNDLE_IDENTIFIER = com.rossener.SimpleDribbbleUITests;
				PRODUCT_NAME = "$(TARGET_NAME)";
				TEST_TARGET_NAME = SimpleDribbble;
				USES_XCTRUNNER = YES;
			};
			name = Release;
		};
/* End XCBuildConfiguration section */

/* Begin XCConfigurationList section */
		AF105E2E1B9B5DBA00D00AE1 /* Build configuration list for PBXProject "SimpleDribbble" */ = {
			isa = XCConfigurationList;
			buildConfigurations = (
				AF105E5E1B9B5DBA00D00AE1 /* Debug */,
				AF105E5F1B9B5DBA00D00AE1 /* Release */,
			);
			defaultConfigurationIsVisible = 0;
			defaultConfigurationName = Release;
		};
		AF105E601B9B5DBA00D00AE1 /* Build configuration list for PBXNativeTarget "SimpleDribbble" */ = {
			isa = XCConfigurationList;
			buildConfigurations = (
				AF105E611B9B5DBA00D00AE1 /* Debug */,
				AF105E621B9B5DBA00D00AE1 /* Release */,
			);
			defaultConfigurationIsVisible = 0;
			defaultConfigurationName = Release;
		};
		AF105E631B9B5DBA00D00AE1 /* Build configuration list for PBXNativeTarget "SimpleDribbbleTests" */ = {
			isa = XCConfigurationList;
			buildConfigurations = (
				AF105E641B9B5DBA00D00AE1 /* Debug */,
				AF105E651B9B5DBA00D00AE1 /* Release */,
			);
			defaultConfigurationIsVisible = 0;
			defaultConfigurationName = Release;
		};
		AF105E661B9B5DBA00D00AE1 /* Build configuration list for PBXNativeTarget "SimpleDribbbleUITests" */ = {
			isa = XCConfigurationList;
			buildConfigurations = (
				AF105E671B9B5DBA00D00AE1 /* Debug */,
				AF105E681B9B5DBA00D00AE1 /* Release */,
			);
			defaultConfigurationIsVisible = 0;
			defaultConfigurationName = Release;
		};
/* End XCConfigurationList section */
	};
	rootObject = AF105E2B1B9B5DBA00D00AE1 /* Project object */;
}
